
Microsoft Visual Studio Solution File, Format Version 12.00
# Visual Studio Version 17
VisualStudioVersion = 17.9.34714.143
MinimumVisualStudioVersion = 10.0.40219.1
Project("{FAE04EC0-301F-11D3-BF4B-00C04F79EFBC}") = "FlurlAsyncEnumerableStreaming", "FlurlAsyncEnumerableStreaming\FlurlAsyncEnumerableStreaming.csproj", "{0FCB23B5-5FF2-4F5E-84DF-D8BD610CEC1D}"
EndProject
Project("{FAE04EC0-301F-11D3-BF4B-00C04F79EFBC}") = "FlurlAsyncEnumerableStreaming.Tests", "FlurlAsyncEnumerableStreaming.Tests\FlurlAsyncEnumerableStreaming.Tests.csproj", "{7877A9D4-E987-4842-8C1C-2D7E730FA207}"
EndProject
Global
	GlobalSection(SolutionConfigurationPlatforms) = preSolution
		Debug|Any CPU = Debug|Any CPU
		Release|Any CPU = Release|Any CPU
	EndGlobalSection
	GlobalSection(ProjectConfigurationPlatforms) = postSolution
		{0FCB23B5-5FF2-4F5E-84DF-D8BD610CEC1D}.Debug|Any CPU.ActiveCfg = Debug|Any CPU
		{0FCB23B5-5FF2-4F5E-84DF-D8BD610CEC1D}.Debug|Any CPU.Build.0 = Debug|Any CPU
		{0FCB23B5-5FF2-4F5E-84DF-D8BD610CEC1D}.Release|Any CPU.ActiveCfg = Release|Any CPU
		{0FCB23B5-5FF2-4F5E-84DF-D8BD610CEC1D}.Release|Any CPU.Build.0 = Release|Any CPU
		{7877A9D4-E987-4842-8C1C-2D7E730FA207}.Debug|Any CPU.ActiveCfg = Debug|Any CPU
		{7877A9D4-E987-4842-8C1C-2D7E730FA207}.Debug|Any CPU.Build.0 = Debug|Any CPU
		{7877A9D4-E987-4842-8C1C-2D7E730FA207}.Release|Any CPU.ActiveCfg = Release|Any CPU
		{7877A9D4-E987-4842-8C1C-2D7E730FA207}.Release|Any CPU.Build.0 = Release|Any CPU
	EndGlobalSection
	GlobalSection(SolutionProperties) = preSolution
		HideSolutionNode = FALSE
	EndGlobalSection
	GlobalSection(ExtensibilityGlobals) = postSolution
		SolutionGuid = {4FDF1B7C-3BF6-47DF-88C0-4730D3AE7574}
	EndGlobalSection
EndGlobal
